{
  "name": "comfyui-lany-nodes",
  "lockfileVersion": 3,
  "requires": true,
  "packages": {
    "": {
      "name": "comfyui-lany-nodes",
      "license": "AGPL-3.0-only",
      "devDependencies": {
        "@civitai/generation-metadata": "0.3.0",
        "prettier": "3.9.9"
      }
    },
    "node_modules/@civitai/generation-metadata": {
      "version": "0.3.0",
      "resolved": "https://registry.npmjs.org/@civitai/generation-metadata/-/generation-metadata-0.3.0.tgz",
      "integrity": "sha512-+mnPE4cz+1qrIquvybz97mylvxXsBv/w1p3lR5lsLQwL5FgJHb0EkIl33fo8mEy0IzyJadol6fd2NmLayzIY+A==",
      "dev": true,
      "license": "MIT",
      "dependencies": {
        "exifreader": "^4.39.0",
        "zod": "^4.0.17"
      },
      "engines": {
        "node": ">=20"
      }
    },
    "node_modules/@xmldom/xmldom": {
      "version": "0.9.12",
      "resolved": "https://registry.npmjs.org/@xmldom/xmldom/-/xmldom-0.9.12.tgz",
      "integrity": "sha512-5AXjrcMClTryPe9LgZrygpB1lj7s0S9E0+W+AHaVKAVyHanafK86iPSvG5xHVSp/jC+VH1UXu0TAEmY279xH7A==",
      "dev": true,
      "license": "MIT",
      "optional": true,
      "engines": {
        "node": ">=14.6"
      }
    },
    "node_modules/exifreader": {
      "version": "4.46.0",
      "resolved": "https://registry.npmjs.org/exifreader/-/exifreader-4.46.0.tgz",
      "integrity": "sha512-ksHTpjXKWzbckY+bYlGaomG0EobHJkaMWLg5OPbzlTPda04F2dfrDfYSz8iAPp/kXYUSQdINBVI6nCAjQ8PQ/Q==",
      "dev": true,
      "hasInstallScript": true,
      "license": "MPL-2.0",
      "bin": {
        "exifreader": "bin/cli.js"
      },
      "optionalDependencies": {
        "@xmldom/xmldom": "^0.9.10"
      }
    },
    "node_modules/prettier": {
      "version": "3.9.9",
      "resolved": "https://registry.npmjs.org/prettier/-/prettier-3.9.9.tgz",
      "integrity": "sha512-Z/CJHIkdujO/OtN7nXUii0Rf3VT5SRuhjBA82Xvu2XhBUgX3nhP67T0LHceBdQLex7OOFGTox+Q5Yg8Jk2Qivg==",
      "dev": true,
      "license": "MIT",
      "bin": {
        "prettier": "bin/prettier.cjs"
      },
      "engines": {
        "node": ">=14"
      },
      "funding": {
        "url": "https://github.com/prettier/prettier?sponsor=1"
      }
    },
    "node_modules/zod": {
      "version": "4.6.5",
      "resolved": "https://registry.npmjs.org/zod/-/zod-4.6.5.tgz",
      "integrity": "sha512-v5l/aFXZQeai4awLbOpSoHecE9UiMrnfx75tEXLjNonXVARxQ5mOeipTjROUchszUNCqnE+hqAMujRsRHsut2Q==",
      "dev": true,
      "license": "MIT",
      "funding": {
        "url": "https://github.com/sponsors/colinhacks"
      }
    }
  }
}
